{
  "name": "mini",
  "lockfileVersion": 2,
  "requires": true,
  "packages": {
    "": {
      "dependencies": {
        "@dcloudio/uni-ui": "^1.2.12",
        "numeral": "^2.0.6"
      }
    },
    "node_modules/@dcloudio/uni-ui": {
      "version": "1.2.12",
      "resolved": "https://registry.npm.taobao.org/@dcloudio/uni-ui/download/@dcloudio/uni-ui-1.2.12.tgz",
      "integrity": "sha1-mmSOEvVz7cXz147Hgs6Um7tobHQ="
    },
    "node_modules/numeral": {
      "version": "2.0.6",
      "resolved": "https://registry.npm.taobao.org/numeral/download/numeral-2.0.6.tgz",
      "integrity": "sha1-StCAk21EPCVhrtnyGX7//iX05QY=",
      "engines": {
        "node": "*"
      }
    }
  },
  "dependencies": {
    "@dcloudio/uni-ui": {
      "version": "1.2.12",
      "resolved": "https://registry.npm.taobao.org/@dcloudio/uni-ui/download/@dcloudio/uni-ui-1.2.12.tgz",
      "integrity": "sha1-mmSOEvVz7cXz147Hgs6Um7tobHQ="
    },
    "numeral": {
      "version": "2.0.6",
      "resolved": "https://registry.npm.taobao.org/numeral/download/numeral-2.0.6.tgz",
      "integrity": "sha1-StCAk21EPCVhrtnyGX7//iX05QY="
    }
  }
}
